
Microsoft Visual Studio Solution File, Format Version 12.00
# Visual Studio Version 17
VisualStudioVersion = 17.3.32929.385
MinimumVisualStudioVersion = 10.0.40219.1
Project("{FAE04EC0-301F-11D3-BF4B-00C04F79EFBC}") = "PrototypeDataBase", "PrototypeDataBase\PrototypeDataBase.csproj", "{D1CC87FC-8782-4A32-B57B-41D4385EF8A3}"
EndProject
Project("{FAE04EC0-301F-11D3-BF4B-00C04F79EFBC}") = "PrototypeDbLibrary", "PrototypeDbLibrary\PrototypeDbLibrary.csproj", "{FC517E05-5126-4436-882E-31AD35DF9912}"
EndProject
Global
	GlobalSection(SolutionConfigurationPlatforms) = preSolution
		Debug|Any CPU = Debug|Any CPU
		Release|Any CPU = Release|Any CPU
	EndGlobalSection
	GlobalSection(ProjectConfigurationPlatforms) = postSolution
		{D1CC87FC-8782-4A32-B57B-41D4385EF8A3}.Debug|Any CPU.ActiveCfg = Debug|Any CPU
		{D1CC87FC-8782-4A32-B57B-41D4385EF8A3}.Debug|Any CPU.Build.0 = Debug|Any CPU
		{D1CC87FC-8782-4A32-B57B-41D4385EF8A3}.Release|Any CPU.ActiveCfg = Release|Any CPU
		{D1CC87FC-8782-4A32-B57B-41D4385EF8A3}.Release|Any CPU.Build.0 = Release|Any CPU
		{FC517E05-5126-4436-882E-31AD35DF9912}.Debug|Any CPU.ActiveCfg = Debug|Any CPU
		{FC517E05-5126-4436-882E-31AD35DF9912}.Debug|Any CPU.Build.0 = Debug|Any CPU
		{FC517E05-5126-4436-882E-31AD35DF9912}.Release|Any CPU.ActiveCfg = Release|Any CPU
		{FC517E05-5126-4436-882E-31AD35DF9912}.Release|Any CPU.Build.0 = Release|Any CPU
	EndGlobalSection
	GlobalSection(SolutionProperties) = preSolution
		HideSolutionNode = FALSE
	EndGlobalSection
	GlobalSection(ExtensibilityGlobals) = postSolution
		SolutionGuid = {F2932229-F0AF-42D7-99C4-8E46DDD605EB}
	EndGlobalSection
EndGlobal
